
Microsoft Visual Studio Solution File, Format Version 12.00
# Visual Studio Version 16
VisualStudioVersion = 16.0.30503.244
MinimumVisualStudioVersion = 10.0.40219.1
Project("{FAE04EC0-301F-11D3-BF4B-00C04F79EFBC}") = "TestShop.Web", "TestShop.Web\TestShop.Web.csproj", "{54C0CF58-5507-40D1-8ABE-6AC94F825B12}"
EndProject
Project("{FAE04EC0-301F-11D3-BF4B-00C04F79EFBC}") = "TestShop.Data", "TestShop.Data\TestShop.Data.csproj", "{B279EF74-B324-48CB-84AC-DFD8FC1B7FC2}"
EndProject
Project("{FAE04EC0-301F-11D3-BF4B-00C04F79EFBC}") = "TestShop.Model", "TestShop.Model\TestShop.Model.csproj", "{4B7D306B-960C-416A-A814-B64D647A5F3D}"
EndProject
Global
	GlobalSection(SolutionConfigurationPlatforms) = preSolution
		Debug|Any CPU = Debug|Any CPU
		Release|Any CPU = Release|Any CPU
	EndGlobalSection
	GlobalSection(ProjectConfigurationPlatforms) = postSolution
		{54C0CF58-5507-40D1-8ABE-6AC94F825B12}.Debug|Any CPU.ActiveCfg = Debug|Any CPU
		{54C0CF58-5507-40D1-8ABE-6AC94F825B12}.Debug|Any CPU.Build.0 = Debug|Any CPU
		{54C0CF58-5507-40D1-8ABE-6AC94F825B12}.Release|Any CPU.ActiveCfg = Release|Any CPU
		{54C0CF58-5507-40D1-8ABE-6AC94F825B12}.Release|Any CPU.Build.0 = Release|Any CPU
		{B279EF74-B324-48CB-84AC-DFD8FC1B7FC2}.Debug|Any CPU.ActiveCfg = Debug|Any CPU
		{B279EF74-B324-48CB-84AC-DFD8FC1B7FC2}.Debug|Any CPU.Build.0 = Debug|Any CPU
		{B279EF74-B324-48CB-84AC-DFD8FC1B7FC2}.Release|Any CPU.ActiveCfg = Release|Any CPU
		{B279EF74-B324-48CB-84AC-DFD8FC1B7FC2}.Release|Any CPU.Build.0 = Release|Any CPU
		{4B7D306B-960C-416A-A814-B64D647A5F3D}.Debug|Any CPU.ActiveCfg = Debug|Any CPU
		{4B7D306B-960C-416A-A814-B64D647A5F3D}.Debug|Any CPU.Build.0 = Debug|Any CPU
		{4B7D306B-960C-416A-A814-B64D647A5F3D}.Release|Any CPU.ActiveCfg = Release|Any CPU
		{4B7D306B-960C-416A-A814-B64D647A5F3D}.Release|Any CPU.Build.0 = Release|Any CPU
	EndGlobalSection
	GlobalSection(SolutionProperties) = preSolution
		HideSolutionNode = FALSE
	EndGlobalSection
	GlobalSection(ExtensibilityGlobals) = postSolution
		SolutionGuid = {7B8C8022-66AE-42CB-9AE6-14221D053783}
	EndGlobalSection
EndGlobal
